
Microsoft Visual Studio Solution File, Format Version 12.00
# Visual Studio 2012
Project("{FAE04EC0-301F-11D3-BF4B-00C04F79EFBC}") = "RecipiesSite", "RecipiesSite\RecipiesSite.csproj", "{1F3A1B42-5B05-4534-B312-B4C627F0E2B7}"
EndProject
Project("{FAE04EC0-301F-11D3-BF4B-00C04F79EFBC}") = "DynamicApplicationWebApplication", "DynamicApplication\DynamicApplicationWebApplication\DynamicApplicationWebApplication.csproj", "{35875BEA-6426-44F9-B63A-6D67EA7EB7F1}"
EndProject
Project("{FAE04EC0-301F-11D3-BF4B-00C04F79EFBC}") = "DynamicApplicationModel", "DynamicApplication\DynamicApplicationModel\DynamicApplicationModel.csproj", "{C50145E6-A244-4F1F-B41F-90D1925B4A00}"
EndProject
Global
	GlobalSection(SolutionConfigurationPlatforms) = preSolution
		Debug|Any CPU = Debug|Any CPU
		Release|Any CPU = Release|Any CPU
	EndGlobalSection
	GlobalSection(ProjectConfigurationPlatforms) = postSolution
		{1F3A1B42-5B05-4534-B312-B4C627F0E2B7}.Debug|Any CPU.ActiveCfg = Debug|Any CPU
		{1F3A1B42-5B05-4534-B312-B4C627F0E2B7}.Debug|Any CPU.Build.0 = Debug|Any CPU
		{1F3A1B42-5B05-4534-B312-B4C627F0E2B7}.Release|Any CPU.ActiveCfg = Release|Any CPU
		{1F3A1B42-5B05-4534-B312-B4C627F0E2B7}.Release|Any CPU.Build.0 = Release|Any CPU
		{35875BEA-6426-44F9-B63A-6D67EA7EB7F1}.Debug|Any CPU.ActiveCfg = Debug|Any CPU
		{35875BEA-6426-44F9-B63A-6D67EA7EB7F1}.Debug|Any CPU.Build.0 = Debug|Any CPU
		{35875BEA-6426-44F9-B63A-6D67EA7EB7F1}.Release|Any CPU.ActiveCfg = Release|Any CPU
		{35875BEA-6426-44F9-B63A-6D67EA7EB7F1}.Release|Any CPU.Build.0 = Release|Any CPU
		{C50145E6-A244-4F1F-B41F-90D1925B4A00}.Debug|Any CPU.ActiveCfg = Debug|Any CPU
		{C50145E6-A244-4F1F-B41F-90D1925B4A00}.Debug|Any CPU.Build.0 = Debug|Any CPU
		{C50145E6-A244-4F1F-B41F-90D1925B4A00}.Release|Any CPU.ActiveCfg = Release|Any CPU
		{C50145E6-A244-4F1F-B41F-90D1925B4A00}.Release|Any CPU.Build.0 = Release|Any CPU
	EndGlobalSection
	GlobalSection(SolutionProperties) = preSolution
		HideSolutionNode = FALSE
	EndGlobalSection
EndGlobal
